{
  "name": "vv-logger-tiny",
  "version": "0.5.0",
  "lockfileVersion": 1,
  "requires": true,
  "dependencies": {
    "@types/node": {
      "version": "13.11.1",
      "resolved": "https://registry.npmjs.org/@types/node/-/node-13.11.1.tgz",
      "integrity": "sha512-eWQGP3qtxwL8FGneRrC5DwrJLGN4/dH1clNTuLfN81HCrxVtxRjygDTUoZJ5ASlDEeo0ppYFQjQIlXhtXpOn6g=="
    },
    "vv-shared": {
      "version": "2.0.12",
      "resolved": "https://registry.npmjs.org/vv-shared/-/vv-shared-2.0.12.tgz",
      "integrity": "sha512-8QPwLoucrs4zOdIFt+YPbcVpwk0lnwsTfvrpE7AmBElmxlmnI3qpZqhSP2jfxKuSVazFHM/Eu1cF3dNv7srIOQ==",
      "requires": {
        "@types/node": "^13.11.1"
      }
    }
  }
}
